{
  "version": 4,
  "terraform_version": "1.1.6",
  "serial": 32,
  "lineage": "51fbd052-ba84-9ac2-7153-90db9c8cc6c5",
  "outputs": {
    "buckets": {
      "value": [
        {
          "access_type": "",
          "approximate_count": "",
          "approximate_size": "",
          "auto_tiering": "",
          "bucket_id": "",
          "compartment_id": "ocid1.compartment.oc1..aaaaaaaaedp6oipcdpkx3md6c3ecdfltlq7wl7lb5q2oj4756edqk2lvj5zq",
          "created_by": "ocid1.user.oc1..aaaaaaaajlbm554kldscomxqjrexo3pciqqnz5ouo3bxdexwiydw74u4iqfa",
          "defined_tags": {
            "Oracle-Tags.CreatedBy": "j2joi",
            "Oracle-Tags.CreatedOn": "2022-05-20T03:05:43.366Z"
          },
          "etag": "7f2fb63f-5a7c-445a-91ee-07188e269104",
          "freeform_tags": {},
          "id": "",
          "is_read_only": false,
          "kms_key_id": "",
          "metadata": {},
          "name": "tfgitactions",
          "namespace": "idi2cuxxbkto",
          "object_events_enabled": false,
          "object_lifecycle_policy_etag": "",
          "replication_enabled": false,
          "retention_rules": [],
          "storage_tier": "",
          "time_created": "2022-05-20 03:05:43.374 +0000 UTC",
          "versioning": ""
        }
      ],
      "type": [
        "list",
        [
          "object",
          {
            "access_type": "string",
            "approximate_count": "string",
            "approximate_size": "string",
            "auto_tiering": "string",
            "bucket_id": "string",
            "compartment_id": "string",
            "created_by": "string",
            "defined_tags": [
              "map",
              "string"
            ],
            "etag": "string",
            "freeform_tags": [
              "map",
              "string"
            ],
            "id": "string",
            "is_read_only": "bool",
            "kms_key_id": "string",
            "metadata": [
              "map",
              "string"
            ],
            "name": "string",
            "namespace": "string",
            "object_events_enabled": "bool",
            "object_lifecycle_policy_etag": "string",
            "replication_enabled": "bool",
            "retention_rules": [
              "list",
              [
                "object",
                {
                  "display_name": "string",
                  "duration": [
                    "list",
                    [
                      "object",
                      {
                        "time_amount": "string",
                        "time_unit": "string"
                      }
                    ]
                  ],
                  "retention_rule_id": "string",
                  "time_created": "string",
                  "time_modified": "string",
                  "time_rule_locked": "string"
                }
              ]
            ],
            "storage_tier": "string",
            "time_created": "string",
            "versioning": "string"
          }
        ]
      ]
    },
    "namespace": {
      "value": "idi2cuxxbkto",
      "type": "string"
    },
    "namespace-metadata": {
      "value": "\n  namespace = idi2cuxxbkto\n  default_s3compartment_id = ocid1.compartment.oc1..aaaaaaaaedp6oipcdpkx3md6c3ecdfltlq7wl7lb5q2oj4756edqk2lvj5zq\n  default_swift_compartment_id = ocid1.compartment.oc1..aaaaaaaaedp6oipcdpkx3md6c3ecdfltlq7wl7lb5q2oj4756edqk2lvj5zq\n",
      "type": "string"
    },
    "object-head-data": {
      "value": "\n  object = index.html\n  content-length = 63\n  content-type = text/html\n  storage-tier = InfrequentAccess\n",
      "type": "string"
    },
    "object-source-head-data": {
      "value": "\n  object = same_index.html\n  content-length = 63\n  content-type = text/html\n  storage-tier = InfrequentAccess\n",
      "type": "string"
    },
    "object_data": {
      "value": "\n  content = \u003c!DOCTYPE html\u003e\n\u003chtml\u003e\n\u003cbody\u003e\n\u003ch1\u003eWelcome\u003c/h1\u003e\n\u003c/body\u003e\n\u003c/html\u003e\n\n  content-length = 63\n  content-type = text/html\n",
      "type": "string"
    },
    "objects": {
      "value": [],
      "type": [
        "list",
        [
          "object",
          {
            "archival_state": "string",
            "etag": "string",
            "md5": "string",
            "name": "string",
            "size": "string",
            "storage_tier": "string",
            "time_created": "string",
            "time_modified": "string"
          }
        ]
      ]
    }
  },
  "resources": [
    {
      "mode": "data",
      "type": "oci_objectstorage_bucket_summaries",
      "name": "buckets1",
      "provider": "provider[\"registry.terraform.io/hashicorp/oci\"]",
      "instances": [
        {
          "schema_version": 0,
          "attributes": {
            "bucket_summaries": [
              {
                "access_type": "",
                "approximate_count": "",
                "approximate_size": "",
                "auto_tiering": "",
                "bucket_id": "",
                "compartment_id": "ocid1.compartment.oc1..aaaaaaaaedp6oipcdpkx3md6c3ecdfltlq7wl7lb5q2oj4756edqk2lvj5zq",
                "created_by": "ocid1.user.oc1..aaaaaaaajlbm554kldscomxqjrexo3pciqqnz5ouo3bxdexwiydw74u4iqfa",
                "defined_tags": {
                  "Oracle-Tags.CreatedBy": "j2joi",
                  "Oracle-Tags.CreatedOn": "2022-05-20T03:05:43.366Z"
                },
                "etag": "7f2fb63f-5a7c-445a-91ee-07188e269104",
                "freeform_tags": {},
                "id": "",
                "is_read_only": false,
                "kms_key_id": "",
                "metadata": {},
                "name": "tfgitactions",
                "namespace": "idi2cuxxbkto",
                "object_events_enabled": false,
                "object_lifecycle_policy_etag": "",
                "replication_enabled": false,
                "retention_rules": [],
                "storage_tier": "",
                "time_created": "2022-05-20 03:05:43.374 +0000 UTC",
                "versioning": ""
              }
            ],
            "compartment_id": "ocid1.compartment.oc1..aaaaaaaaedp6oipcdpkx3md6c3ecdfltlq7wl7lb5q2oj4756edqk2lvj5zq",
            "filter": [
              {
                "name": "name",
                "regex": false,
                "values": [
                  "tfgitactions"
                ]
              }
            ],
            "id": "ObjectStorageBucketsDataSource-544212311",
            "namespace": "idi2cuxxbkto"
          },
          "sensitive_attributes": []
        }
      ]
    },
    {
      "mode": "data",
      "type": "oci_objectstorage_namespace",
      "name": "ns",
      "provider": "provider[\"registry.terraform.io/hashicorp/oci\"]",
      "instances": [
        {
          "schema_version": 0,
          "attributes": {
            "compartment_id": "ocid1.compartment.oc1..aaaaaaaaedp6oipcdpkx3md6c3ecdfltlq7wl7lb5q2oj4756edqk2lvj5zq",
            "id": "ObjectStorageNamespaceDataSource-3886812946",
            "namespace": "idi2cuxxbkto"
          },
          "sensitive_attributes": []
        }
      ]
    },
    {
      "mode": "data",
      "type": "oci_objectstorage_namespace_metadata",
      "name": "namespace-metadata1",
      "provider": "provider[\"registry.terraform.io/hashicorp/oci\"]",
      "instances": [
        {
          "schema_version": 0,
          "attributes": {
            "default_s3compartment_id": "ocid1.compartment.oc1..aaaaaaaaedp6oipcdpkx3md6c3ecdfltlq7wl7lb5q2oj4756edqk2lvj5zq",
            "default_swift_compartment_id": "ocid1.compartment.oc1..aaaaaaaaedp6oipcdpkx3md6c3ecdfltlq7wl7lb5q2oj4756edqk2lvj5zq",
            "id": "2022-05-20 03:09:56.349178 +0000 UTC",
            "namespace": "idi2cuxxbkto"
          },
          "sensitive_attributes": []
        }
      ]
    },
    {
      "mode": "data",
      "type": "oci_objectstorage_object",
      "name": "object",
      "provider": "provider[\"registry.terraform.io/hashicorp/oci\"]",
      "instances": [
        {
          "schema_version": 0,
          "attributes": {
            "base64_encode_content": false,
            "bucket": "tfgitactions",
            "cache_control": null,
            "content": "\u003c!DOCTYPE html\u003e\n\u003chtml\u003e\n\u003cbody\u003e\n\u003ch1\u003eWelcome\u003c/h1\u003e\n\u003c/body\u003e\n\u003c/html\u003e\n",
            "content_disposition": "attachment; filename=\"filename.html\"",
            "content_encoding": null,
            "content_language": "en-US",
            "content_length": "63",
            "content_length_limit": 1048576,
            "content_md5": "G5uedo16+mhIOKSt4h/L2g==",
            "content_type": "text/html",
            "http_response_cache_control": null,
            "http_response_content_disposition": null,
            "http_response_content_encoding": null,
            "http_response_content_language": null,
            "http_response_content_type": null,
            "http_response_expires": null,
            "id": "ObjectStorageObjectDataSource-2382957860",
            "metadata": {},
            "namespace": "idi2cuxxbkto",
            "object": "index.html",
            "storage_tier": "InfrequentAccess",
            "version_id": "f27e2a0e-6804-40eb-8441-1237f9c6b1dc"
          },
          "sensitive_attributes": []
        }
      ]
    },
    {
      "mode": "data",
      "type": "oci_objectstorage_object_head",
      "name": "object_head1",
      "provider": "provider[\"registry.terraform.io/hashicorp/oci\"]",
      "instances": [
        {
          "schema_version": 0,
          "attributes": {
            "archival_state": "",
            "bucket": "tfgitactions",
            "content_length": 63,
            "content_type": "text/html",
            "etag": "fdb5e846-49ff-48b8-afad-97b88dc11212",
            "id": "2022-05-20 03:10:02.886697 +0000 UTC",
            "metadata": {},
            "namespace": "idi2cuxxbkto",
            "object": "index.html",
            "storage_tier": "InfrequentAccess"
          },
          "sensitive_attributes": []
        }
      ]
    },
    {
      "mode": "data",
      "type": "oci_objectstorage_object_head",
      "name": "source_object_head",
      "provider": "provider[\"registry.terraform.io/hashicorp/oci\"]",
      "instances": [
        {
          "schema_version": 0,
          "attributes": {
            "archival_state": "",
            "bucket": "tfgitactions",
            "content_length": 63,
            "content_type": "text/html",
            "etag": "0f1ccbf4-64f0-40cf-8048-80ff6597f4d6",
            "id": "2022-05-20 03:10:03.426311 +0000 UTC",
            "metadata": {},
            "namespace": "idi2cuxxbkto",
            "object": "same_index.html",
            "storage_tier": "InfrequentAccess"
          },
          "sensitive_attributes": []
        }
      ]
    },
    {
      "mode": "data",
      "type": "oci_objectstorage_object_versions",
      "name": "test_object_versions1",
      "provider": "provider[\"registry.terraform.io/hashicorp/oci\"]",
      "instances": []
    },
    {
      "mode": "data",
      "type": "oci_objectstorage_objects",
      "name": "objects1",
      "provider": "provider[\"registry.terraform.io/hashicorp/oci\"]",
      "instances": [
        {
          "schema_version": 0,
          "attributes": {
            "bucket": "tfgitactions",
            "delimiter": null,
            "end": null,
            "filter": null,
            "id": "ObjectStorageObjectsDataSource-1379173944",
            "namespace": "idi2cuxxbkto",
            "objects": [],
            "prefix": null,
            "prefixes": [],
            "start": null,
            "start_after": null
          },
          "sensitive_attributes": []
        }
      ]
    },
    {
      "mode": "managed",
      "type": "null_resource",
      "name": "download_object_content",
      "provider": "provider[\"registry.terraform.io/hashicorp/null\"]",
      "instances": []
    },
    {
      "mode": "managed",
      "type": "oci_objectstorage_bucket",
      "name": "bucket1",
      "provider": "provider[\"registry.terraform.io/hashicorp/oci\"]",
      "instances": [
        {
          "schema_version": 0,
          "attributes": {
            "access_type": "NoPublicAccess",
            "approximate_count": "0",
            "approximate_size": "0",
            "auto_tiering": "Disabled",
            "bucket_id": "ocid1.bucket.oc1.iad.aaaaaaaaaf2aky7dlmrbqosukgdiyvsu6trlvsnsufoua3ssznugfwesr43q",
            "compartment_id": "ocid1.compartment.oc1..aaaaaaaaedp6oipcdpkx3md6c3ecdfltlq7wl7lb5q2oj4756edqk2lvj5zq",
            "created_by": "ocid1.user.oc1..aaaaaaaajlbm554kldscomxqjrexo3pciqqnz5ouo3bxdexwiydw74u4iqfa",
            "defined_tags": {
              "Oracle-Tags.CreatedBy": "j2joi",
              "Oracle-Tags.CreatedOn": "2022-05-20T03:05:43.366Z"
            },
            "etag": "7f2fb63f-5a7c-445a-91ee-07188e269104",
            "freeform_tags": {},
            "id": "n/idi2cuxxbkto/b/tfgitactions",
            "is_read_only": false,
            "kms_key_id": null,
            "metadata": {},
            "name": "tfgitactions",
            "namespace": "idi2cuxxbkto",
            "object_events_enabled": false,
            "object_lifecycle_policy_etag": null,
            "replication_enabled": false,
            "retention_rules": [],
            "storage_tier": "Standard",
            "time_created": "2022-05-20 03:05:43.374 +0000 UTC",
            "timeouts": null,
            "versioning": "Disabled"
          },
          "sensitive_attributes": [],
          "private": "eyJlMmJmYjczMC1lY2FhLTExZTYtOGY4OC0zNDM2M2JjN2M0YzAiOnsiY3JlYXRlIjoxMjAwMDAwMDAwMDAwLCJkZWxldGUiOjEyMDAwMDAwMDAwMDAsInVwZGF0ZSI6MTIwMDAwMDAwMDAwMH19",
          "dependencies": [
            "data.oci_objectstorage_namespace.ns"
          ]
        }
      ]
    },
    {
      "mode": "managed",
      "type": "oci_objectstorage_bucket",
      "name": "bucket_with_versioning",
      "provider": "provider[\"registry.terraform.io/hashicorp/oci\"]",
      "instances": [
        {
          "schema_version": 0,
          "attributes": {
            "access_type": "NoPublicAccess",
            "approximate_count": "0",
            "approximate_size": "0",
            "auto_tiering": "Disabled",
            "bucket_id": "ocid1.bucket.oc1.iad.aaaaaaaaujvhoapbq5anfy34rtnv7w5jtgv52mx4y64w7p5dhf3epjkolspa",
            "compartment_id": "ocid1.compartment.oc1..aaaaaaaaedp6oipcdpkx3md6c3ecdfltlq7wl7lb5q2oj4756edqk2lvj5zq",
            "created_by": "ocid1.user.oc1..aaaaaaaajlbm554kldscomxqjrexo3pciqqnz5ouo3bxdexwiydw74u4iqfa",
            "defined_tags": {
              "Oracle-Tags.CreatedBy": "j2joi",
              "Oracle-Tags.CreatedOn": "2022-05-20T03:03:03.371Z"
            },
            "etag": "abaa848d-f8b0-43b7-80bb-28bf9c12948d",
            "freeform_tags": {},
            "id": "n/idi2cuxxbkto/b/bucket-with-versioning",
            "is_read_only": false,
            "kms_key_id": null,
            "metadata": {},
            "name": "bucket-with-versioning",
            "namespace": "idi2cuxxbkto",
            "object_events_enabled": false,
            "object_lifecycle_policy_etag": null,
            "replication_enabled": false,
            "retention_rules": [],
            "storage_tier": "Standard",
            "time_created": "2022-05-20 03:03:03.381 +0000 UTC",
            "timeouts": null,
            "versioning": "Enabled"
          },
          "sensitive_attributes": [],
          "private": "eyJlMmJmYjczMC1lY2FhLTExZTYtOGY4OC0zNDM2M2JjN2M0YzAiOnsiY3JlYXRlIjoxMjAwMDAwMDAwMDAwLCJkZWxldGUiOjEyMDAwMDAwMDAwMDAsInVwZGF0ZSI6MTIwMDAwMDAwMDAwMH19",
          "dependencies": [
            "data.oci_objectstorage_namespace.ns"
          ]
        }
      ]
    },
    {
      "mode": "managed",
      "type": "oci_objectstorage_namespace_metadata",
      "name": "namespace-metadata1",
      "provider": "provider[\"registry.terraform.io/hashicorp/oci\"]",
      "instances": [
        {
          "schema_version": 0,
          "attributes": {
            "default_s3compartment_id": "ocid1.compartment.oc1..aaaaaaaaedp6oipcdpkx3md6c3ecdfltlq7wl7lb5q2oj4756edqk2lvj5zq",
            "default_swift_compartment_id": "ocid1.compartment.oc1..aaaaaaaaedp6oipcdpkx3md6c3ecdfltlq7wl7lb5q2oj4756edqk2lvj5zq",
            "id": "idi2cuxxbkto",
            "namespace": "idi2cuxxbkto",
            "timeouts": null
          },
          "sensitive_attributes": [],
          "private": "eyJlMmJmYjczMC1lY2FhLTExZTYtOGY4OC0zNDM2M2JjN2M0YzAiOnsiY3JlYXRlIjoxMjAwMDAwMDAwMDAwLCJkZWxldGUiOjEyMDAwMDAwMDAwMDAsInVwZGF0ZSI6MTIwMDAwMDAwMDAwMH19",
          "dependencies": [
            "data.oci_objectstorage_namespace.ns"
          ]
        }
      ]
    },
    {
      "mode": "managed",
      "type": "oci_objectstorage_object",
      "name": "object1",
      "provider": "provider[\"registry.terraform.io/hashicorp/oci\"]",
      "instances": [
        {
          "schema_version": 0,
          "attributes": {
            "bucket": "tfgitactions",
            "cache_control": null,
            "content": "1b9b9e768d7afa684838a4ade21fcbda",
            "content_disposition": "attachment; filename=\"filename.html\"",
            "content_encoding": null,
            "content_language": "en-US",
            "content_length": "63",
            "content_md5": "G5uedo16+mhIOKSt4h/L2g==",
            "content_type": "text/html",
            "delete_all_object_versions": false,
            "id": "n/idi2cuxxbkto/b/tfgitactions/o/index.html",
            "metadata": null,
            "namespace": "idi2cuxxbkto",
            "object": "index.html",
            "opc_sse_kms_key_id": null,
            "source": null,
            "source_uri_details": [],
            "state": "COMPLETED",
            "storage_tier": "InfrequentAccess",
            "timeouts": null,
            "version_id": "f27e2a0e-6804-40eb-8441-1237f9c6b1dc",
            "work_request_id": ""
          },
          "sensitive_attributes": [],
          "private": "eyJlMmJmYjczMC1lY2FhLTExZTYtOGY4OC0zNDM2M2JjN2M0YzAiOnsiY3JlYXRlIjoxMjAwMDAwMDAwMDAwLCJkZWxldGUiOjEyMDAwMDAwMDAwMDAsInVwZGF0ZSI6MTIwMDAwMDAwMDAwMH19",
          "dependencies": [
            "data.oci_objectstorage_namespace.ns",
            "oci_objectstorage_bucket.bucket1"
          ]
        }
      ]
    },
    {
      "mode": "managed",
      "type": "oci_objectstorage_object",
      "name": "object_with_content_md5",
      "provider": "provider[\"registry.terraform.io/hashicorp/oci\"]",
      "instances": [
        {
          "schema_version": 0,
          "attributes": {
            "bucket": "tfgitactions",
            "cache_control": null,
            "content": "1b9b9e768d7afa684838a4ade21fcbda",
            "content_disposition": "attachment; filename=\"filename.html\"",
            "content_encoding": null,
            "content_language": "en-US",
            "content_length": "63",
            "content_md5": "G5uedo16+mhIOKSt4h/L2g==",
            "content_type": "text/html",
            "delete_all_object_versions": false,
            "id": "n/idi2cuxxbkto/b/tfgitactions/o/index.html",
            "metadata": null,
            "namespace": "idi2cuxxbkto",
            "object": "index.html",
            "opc_sse_kms_key_id": null,
            "source": null,
            "source_uri_details": [],
            "state": "COMPLETED",
            "storage_tier": "InfrequentAccess",
            "timeouts": null,
            "version_id": "f27e2a0e-6804-40eb-8441-1237f9c6b1dc",
            "work_request_id": ""
          },
          "sensitive_attributes": [],
          "private": "eyJlMmJmYjczMC1lY2FhLTExZTYtOGY4OC0zNDM2M2JjN2M0YzAiOnsiY3JlYXRlIjoxMjAwMDAwMDAwMDAwLCJkZWxldGUiOjEyMDAwMDAwMDAwMDAsInVwZGF0ZSI6MTIwMDAwMDAwMDAwMH19",
          "dependencies": [
            "data.oci_objectstorage_namespace.ns",
            "oci_objectstorage_bucket.bucket1"
          ]
        }
      ]
    },
    {
      "mode": "managed",
      "type": "oci_objectstorage_object",
      "name": "source_object",
      "provider": "provider[\"registry.terraform.io/hashicorp/oci\"]",
      "instances": [
        {
          "schema_version": 0,
          "attributes": {
            "bucket": "tfgitactions",
            "cache_control": null,
            "content": null,
            "content_disposition": "attachment; filename=\"filename.html\"",
            "content_encoding": null,
            "content_language": "en-US",
            "content_length": "63",
            "content_md5": "G5uedo16+mhIOKSt4h/L2g==",
            "content_type": "text/html",
            "delete_all_object_versions": false,
            "id": "n/idi2cuxxbkto/b/tfgitactions/o/same_index.html",
            "metadata": null,
            "namespace": "idi2cuxxbkto",
            "object": "same_index.html",
            "opc_sse_kms_key_id": null,
            "source": "index.html 2022-05-19 22:20:17.097473969 -0400 EDT",
            "source_uri_details": [],
            "state": "COMPLETED",
            "storage_tier": "InfrequentAccess",
            "timeouts": null,
            "version_id": "594d48f3-4e71-43c1-a30d-fadc91e4be56",
            "work_request_id": ""
          },
          "sensitive_attributes": [],
          "private": "eyJlMmJmYjczMC1lY2FhLTExZTYtOGY4OC0zNDM2M2JjN2M0YzAiOnsiY3JlYXRlIjoxMjAwMDAwMDAwMDAwLCJkZWxldGUiOjEyMDAwMDAwMDAwMDAsInVwZGF0ZSI6MTIwMDAwMDAwMDAwMH19",
          "dependencies": [
            "data.oci_objectstorage_namespace.ns",
            "oci_objectstorage_bucket.bucket1",
            "oci_objectstorage_object.object1"
          ]
        }
      ]
    },
    {
      "mode": "managed",
      "type": "oci_objectstorage_object",
      "name": "source_uri_object",
      "provider": "provider[\"registry.terraform.io/hashicorp/oci\"]",
      "instances": [
        {
          "schema_version": 0,
          "attributes": {
            "bucket": "tfgitactions",
            "cache_control": null,
            "content": null,
            "content_disposition": "attachment; filename=\"filename.html\"",
            "content_encoding": null,
            "content_language": "en-US",
            "content_length": "63",
            "content_md5": "G5uedo16+mhIOKSt4h/L2g==",
            "content_type": "text/html",
            "delete_all_object_versions": false,
            "id": "n/idi2cuxxbkto/b/tfgitactions/o/copy_index.html",
            "metadata": null,
            "namespace": "idi2cuxxbkto",
            "object": "copy_index.html",
            "opc_sse_kms_key_id": null,
            "source": null,
            "source_uri_details": [
              {
                "bucket": "tfgitactions",
                "destination_object_if_match_etag": "",
                "destination_object_if_none_match_etag": "",
                "namespace": "idi2cuxxbkto",
                "object": "index.html",
                "region": "us-ashburn-1",
                "source_object_if_match_etag": "",
                "source_version_id": ""
              }
            ],
            "state": "COMPLETED",
            "storage_tier": "InfrequentAccess",
            "timeouts": null,
            "version_id": "b8889fd9-a01d-493b-bf8b-dcf01c4e3adf",
            "work_request_id": ""
          },
          "sensitive_attributes": [],
          "private": "eyJlMmJmYjczMC1lY2FhLTExZTYtOGY4OC0zNDM2M2JjN2M0YzAiOnsiY3JlYXRlIjoxMjAwMDAwMDAwMDAwLCJkZWxldGUiOjEyMDAwMDAwMDAwMDAsInVwZGF0ZSI6MTIwMDAwMDAwMDAwMH19",
          "dependencies": [
            "data.oci_objectstorage_namespace.ns",
            "oci_objectstorage_bucket.bucket1",
            "oci_objectstorage_object.object1"
          ]
        }
      ]
    },
    {
      "mode": "managed",
      "type": "oci_objectstorage_object",
      "name": "source_uri_object_from_version",
      "provider": "provider[\"registry.terraform.io/hashicorp/oci\"]",
      "instances": [
        {
          "schema_version": 0,
          "attributes": {
            "bucket": "bucket-with-versioning",
            "cache_control": null,
            "content": null,
            "content_disposition": "attachment; filename=\"filename.html\"",
            "content_encoding": null,
            "content_language": "en-US",
            "content_length": "63",
            "content_md5": "G5uedo16+mhIOKSt4h/L2g==",
            "content_type": "text/html",
            "delete_all_object_versions": true,
            "id": "n/idi2cuxxbkto/b/bucket-with-versioning/o/copy_from_version_index.html",
            "metadata": null,
            "namespace": "idi2cuxxbkto",
            "object": "copy_from_version_index.html",
            "opc_sse_kms_key_id": null,
            "source": null,
            "source_uri_details": [
              {
                "bucket": "tfgitactions",
                "destination_object_if_match_etag": "",
                "destination_object_if_none_match_etag": "",
                "namespace": "idi2cuxxbkto",
                "object": "index.html",
                "region": "us-ashburn-1",
                "source_object_if_match_etag": "",
                "source_version_id": "f27e2a0e-6804-40eb-8441-1237f9c6b1dc"
              }
            ],
            "state": "COMPLETED",
            "storage_tier": "Standard",
            "timeouts": null,
            "version_id": "1a153e84-3112-4c05-8e98-521b3287f105",
            "work_request_id": ""
          },
          "sensitive_attributes": [],
          "private": "eyJlMmJmYjczMC1lY2FhLTExZTYtOGY4OC0zNDM2M2JjN2M0YzAiOnsiY3JlYXRlIjoxMjAwMDAwMDAwMDAwLCJkZWxldGUiOjEyMDAwMDAwMDAwMDAsInVwZGF0ZSI6MTIwMDAwMDAwMDAwMH19",
          "dependencies": [
            "data.oci_objectstorage_namespace.ns",
            "oci_objectstorage_bucket.bucket1",
            "oci_objectstorage_bucket.bucket_with_versioning",
            "oci_objectstorage_object.object1"
          ]
        }
      ]
    }
  ]
}
